
Microsoft Visual Studio Solution File, Format Version 11.00
# Visual Studio 2010
Project("{FAE04EC0-301F-11D3-BF4B-00C04F79EFBC}") = "WCF_ENAP", "WCF_ENAP\WCF_ENAP.csproj", "{3F5A4C69-C45E-4ED2-AD87-4F7BB7B666FC}"
EndProject
Global
	GlobalSection(SolutionConfigurationPlatforms) = preSolution
		Debug|Any CPU = Debug|Any CPU
		Release|Any CPU = Release|Any CPU
	EndGlobalSection
	GlobalSection(ProjectConfigurationPlatforms) = postSolution
		{3F5A4C69-C45E-4ED2-AD87-4F7BB7B666FC}.Debug|Any CPU.ActiveCfg = Release|Any CPU
		{3F5A4C69-C45E-4ED2-AD87-4F7BB7B666FC}.Debug|Any CPU.Build.0 = Release|Any CPU
		{3F5A4C69-C45E-4ED2-AD87-4F7BB7B666FC}.Release|Any CPU.ActiveCfg = Release|Any CPU
		{3F5A4C69-C45E-4ED2-AD87-4F7BB7B666FC}.Release|Any CPU.Build.0 = Release|Any CPU
	EndGlobalSection
	GlobalSection(SolutionProperties) = preSolution
		HideSolutionNode = FALSE
	EndGlobalSection
EndGlobal
